
Microsoft Visual Studio Solution File, Format Version 12.00
# Visual Studio 15
VisualStudioVersion = 15.0.26430.16
MinimumVisualStudioVersion = 10.0.40219.1
Project("{FAE04EC0-301F-11D3-BF4B-00C04F79EFBC}") = "MeowStore", "MeowStore\MeowStore.csproj", "{60DA8AA0-54E2-4FB7-9649-84AE1B746F49}"
EndProject
Project("{FAE04EC0-301F-11D3-BF4B-00C04F79EFBC}") = "StoreDB", "StoreDB\StoreDB.csproj", "{8A813FC9-D547-4070-AFE6-FECCF92C328F}"
EndProject
Project("{FAE04EC0-301F-11D3-BF4B-00C04F79EFBC}") = "BackMeow", "BackMeow\BackMeow.csproj", "{010A1648-3A90-4448-BEEC-C1EF478A5F25}"
EndProject
Global
	GlobalSection(SolutionConfigurationPlatforms) = preSolution
		Debug|Any CPU = Debug|Any CPU
		Debug|ARM = Debug|ARM
		Debug|x64 = Debug|x64
		Debug|x86 = Debug|x86
		Release|Any CPU = Release|Any CPU
		Release|ARM = Release|ARM
		Release|x64 = Release|x64
		Release|x86 = Release|x86
	EndGlobalSection
	GlobalSection(ProjectConfigurationPlatforms) = postSolution
		{60DA8AA0-54E2-4FB7-9649-84AE1B746F49}.Debug|Any CPU.ActiveCfg = Debug|Any CPU
		{60DA8AA0-54E2-4FB7-9649-84AE1B746F49}.Debug|Any CPU.Build.0 = Debug|Any CPU
		{60DA8AA0-54E2-4FB7-9649-84AE1B746F49}.Debug|ARM.ActiveCfg = Debug|Any CPU
		{60DA8AA0-54E2-4FB7-9649-84AE1B746F49}.Debug|ARM.Build.0 = Debug|Any CPU
		{60DA8AA0-54E2-4FB7-9649-84AE1B746F49}.Debug|x64.ActiveCfg = Debug|Any CPU
		{60DA8AA0-54E2-4FB7-9649-84AE1B746F49}.Debug|x64.Build.0 = Debug|Any CPU
		{60DA8AA0-54E2-4FB7-9649-84AE1B746F49}.Debug|x86.ActiveCfg = Debug|Any CPU
		{60DA8AA0-54E2-4FB7-9649-84AE1B746F49}.Debug|x86.Build.0 = Debug|Any CPU
		{60DA8AA0-54E2-4FB7-9649-84AE1B746F49}.Release|Any CPU.ActiveCfg = Release|Any CPU
		{60DA8AA0-54E2-4FB7-9649-84AE1B746F49}.Release|Any CPU.Build.0 = Release|Any CPU
		{60DA8AA0-54E2-4FB7-9649-84AE1B746F49}.Release|ARM.ActiveCfg = Release|Any CPU
		{60DA8AA0-54E2-4FB7-9649-84AE1B746F49}.Release|ARM.Build.0 = Release|Any CPU
		{60DA8AA0-54E2-4FB7-9649-84AE1B746F49}.Release|x64.ActiveCfg = Release|Any CPU
		{60DA8AA0-54E2-4FB7-9649-84AE1B746F49}.Release|x64.Build.0 = Release|Any CPU
		{60DA8AA0-54E2-4FB7-9649-84AE1B746F49}.Release|x86.ActiveCfg = Release|Any CPU
		{60DA8AA0-54E2-4FB7-9649-84AE1B746F49}.Release|x86.Build.0 = Release|Any CPU
		{8A813FC9-D547-4070-AFE6-FECCF92C328F}.Debug|Any CPU.ActiveCfg = Debug|Any CPU
		{8A813FC9-D547-4070-AFE6-FECCF92C328F}.Debug|Any CPU.Build.0 = Debug|Any CPU
		{8A813FC9-D547-4070-AFE6-FECCF92C328F}.Debug|ARM.ActiveCfg = Debug|Any CPU
		{8A813FC9-D547-4070-AFE6-FECCF92C328F}.Debug|ARM.Build.0 = Debug|Any CPU
		{8A813FC9-D547-4070-AFE6-FECCF92C328F}.Debug|x64.ActiveCfg = Debug|Any CPU
		{8A813FC9-D547-4070-AFE6-FECCF92C328F}.Debug|x64.Build.0 = Debug|Any CPU
		{8A813FC9-D547-4070-AFE6-FECCF92C328F}.Debug|x86.ActiveCfg = Debug|Any CPU
		{8A813FC9-D547-4070-AFE6-FECCF92C328F}.Debug|x86.Build.0 = Debug|Any CPU
		{8A813FC9-D547-4070-AFE6-FECCF92C328F}.Release|Any CPU.ActiveCfg = Release|Any CPU
		{8A813FC9-D547-4070-AFE6-FECCF92C328F}.Release|Any CPU.Build.0 = Release|Any CPU
		{8A813FC9-D547-4070-AFE6-FECCF92C328F}.Release|ARM.ActiveCfg = Release|Any CPU
		{8A813FC9-D547-4070-AFE6-FECCF92C328F}.Release|ARM.Build.0 = Release|Any CPU
		{8A813FC9-D547-4070-AFE6-FECCF92C328F}.Release|x64.ActiveCfg = Release|Any CPU
		{8A813FC9-D547-4070-AFE6-FECCF92C328F}.Release|x64.Build.0 = Release|Any CPU
		{8A813FC9-D547-4070-AFE6-FECCF92C328F}.Release|x86.ActiveCfg = Release|Any CPU
		{8A813FC9-D547-4070-AFE6-FECCF92C328F}.Release|x86.Build.0 = Release|Any CPU
		{010A1648-3A90-4448-BEEC-C1EF478A5F25}.Debug|Any CPU.ActiveCfg = Debug|Any CPU
		{010A1648-3A90-4448-BEEC-C1EF478A5F25}.Debug|Any CPU.Build.0 = Debug|Any CPU
		{010A1648-3A90-4448-BEEC-C1EF478A5F25}.Debug|ARM.ActiveCfg = Debug|Any CPU
		{010A1648-3A90-4448-BEEC-C1EF478A5F25}.Debug|ARM.Build.0 = Debug|Any CPU
		{010A1648-3A90-4448-BEEC-C1EF478A5F25}.Debug|x64.ActiveCfg = Debug|Any CPU
		{010A1648-3A90-4448-BEEC-C1EF478A5F25}.Debug|x64.Build.0 = Debug|Any CPU
		{010A1648-3A90-4448-BEEC-C1EF478A5F25}.Debug|x86.ActiveCfg = Debug|Any CPU
		{010A1648-3A90-4448-BEEC-C1EF478A5F25}.Debug|x86.Build.0 = Debug|Any CPU
		{010A1648-3A90-4448-BEEC-C1EF478A5F25}.Release|Any CPU.ActiveCfg = Release|Any CPU
		{010A1648-3A90-4448-BEEC-C1EF478A5F25}.Release|Any CPU.Build.0 = Release|Any CPU
		{010A1648-3A90-4448-BEEC-C1EF478A5F25}.Release|ARM.ActiveCfg = Release|Any CPU
		{010A1648-3A90-4448-BEEC-C1EF478A5F25}.Release|ARM.Build.0 = Release|Any CPU
		{010A1648-3A90-4448-BEEC-C1EF478A5F25}.Release|x64.ActiveCfg = Release|Any CPU
		{010A1648-3A90-4448-BEEC-C1EF478A5F25}.Release|x64.Build.0 = Release|Any CPU
		{010A1648-3A90-4448-BEEC-C1EF478A5F25}.Release|x86.ActiveCfg = Release|Any CPU
		{010A1648-3A90-4448-BEEC-C1EF478A5F25}.Release|x86.Build.0 = Release|Any CPU
	EndGlobalSection
	GlobalSection(SolutionProperties) = preSolution
		HideSolutionNode = FALSE
	EndGlobalSection
EndGlobal
