
Microsoft Visual Studio Solution File, Format Version 12.00
# Visual Studio 15
VisualStudioVersion = 15.0.26430.16
MinimumVisualStudioVersion = 10.0.40219.1
Project("{FAE04EC0-301F-11D3-BF4B-00C04F79EFBC}") = "MeowStore", "MeowStore\MeowStore.csproj", "{60DA8AA0-54E2-4FB7-9649-84AE1B746F49}"
EndProject
Project("{FAE04EC0-301F-11D3-BF4B-00C04F79EFBC}") = "StoreAPI", "StoreAPI\StoreAPI.csproj", "{3FC352F1-8CA3-4240-A1E8-259125972F61}"
EndProject
Global
	GlobalSection(SolutionConfigurationPlatforms) = preSolution
		Debug|Any CPU = Debug|Any CPU
		Release|Any CPU = Release|Any CPU
	EndGlobalSection
	GlobalSection(ProjectConfigurationPlatforms) = postSolution
		{60DA8AA0-54E2-4FB7-9649-84AE1B746F49}.Debug|Any CPU.ActiveCfg = Debug|Any CPU
		{60DA8AA0-54E2-4FB7-9649-84AE1B746F49}.Debug|Any CPU.Build.0 = Debug|Any CPU
		{60DA8AA0-54E2-4FB7-9649-84AE1B746F49}.Release|Any CPU.ActiveCfg = Release|Any CPU
		{60DA8AA0-54E2-4FB7-9649-84AE1B746F49}.Release|Any CPU.Build.0 = Release|Any CPU
		{3FC352F1-8CA3-4240-A1E8-259125972F61}.Debug|Any CPU.ActiveCfg = Debug|Any CPU
		{3FC352F1-8CA3-4240-A1E8-259125972F61}.Debug|Any CPU.Build.0 = Debug|Any CPU
		{3FC352F1-8CA3-4240-A1E8-259125972F61}.Release|Any CPU.ActiveCfg = Release|Any CPU
		{3FC352F1-8CA3-4240-A1E8-259125972F61}.Release|Any CPU.Build.0 = Release|Any CPU
	EndGlobalSection
	GlobalSection(SolutionProperties) = preSolution
		HideSolutionNode = FALSE
	EndGlobalSection
EndGlobal
